
Microsoft Visual Studio Solution File, Format Version 12.00
# Visual Studio Version 17
VisualStudioVersion = 17.14.36518.9
MinimumVisualStudioVersion = 10.0.40219.1
Project("{FAE04EC0-301F-11D3-BF4B-00C04F79EFBC}") = "BibliotecaAPI", "BibliotecaAPI\BibliotecaAPI.csproj", "{7BC9BD0B-79A3-43AA-A202-ACF478AE0388}"
EndProject
Project("{FAE04EC0-301F-11D3-BF4B-00C04F79EFBC}") = "BibliotecaAPITest", "BibliotecaAPITest\BibliotecaAPITest.csproj", "{EBED6367-7438-413A-B51A-D431621DC2D4}"
EndProject
Global
	GlobalSection(SolutionConfigurationPlatforms) = preSolution
		Debug|Any CPU = Debug|Any CPU
		Release|Any CPU = Release|Any CPU
	EndGlobalSection
	GlobalSection(ProjectConfigurationPlatforms) = postSolution
		{7BC9BD0B-79A3-43AA-A202-ACF478AE0388}.Debug|Any CPU.ActiveCfg = Debug|Any CPU
		{7BC9BD0B-79A3-43AA-A202-ACF478AE0388}.Debug|Any CPU.Build.0 = Debug|Any CPU
		{7BC9BD0B-79A3-43AA-A202-ACF478AE0388}.Release|Any CPU.ActiveCfg = Release|Any CPU
		{7BC9BD0B-79A3-43AA-A202-ACF478AE0388}.Release|Any CPU.Build.0 = Release|Any CPU
		{EBED6367-7438-413A-B51A-D431621DC2D4}.Debug|Any CPU.ActiveCfg = Debug|Any CPU
		{EBED6367-7438-413A-B51A-D431621DC2D4}.Debug|Any CPU.Build.0 = Debug|Any CPU
		{EBED6367-7438-413A-B51A-D431621DC2D4}.Release|Any CPU.ActiveCfg = Release|Any CPU
		{EBED6367-7438-413A-B51A-D431621DC2D4}.Release|Any CPU.Build.0 = Release|Any CPU
	EndGlobalSection
	GlobalSection(SolutionProperties) = preSolution
		HideSolutionNode = FALSE
	EndGlobalSection
	GlobalSection(ExtensibilityGlobals) = postSolution
		SolutionGuid = {106A3689-AE28-4287-BC3C-E7326CB24CCB}
	EndGlobalSection
EndGlobal
